
Microsoft Visual Studio Solution File, Format Version 12.00
# Visual Studio Version 16
VisualStudioVersion = 16.0.34031.81
MinimumVisualStudioVersion = 10.0.40219.1
Project("{FAE04EC0-301F-11D3-BF4B-00C04F79EFBC}") = "proiect", "proiect.csproj", "{7304B159-5264-4BC0-8404-F36F0A7BA85B}"
EndProject
Global
	GlobalSection(SolutionConfigurationPlatforms) = preSolution
		Debug|Any CPU = Debug|Any CPU
		Release|Any CPU = Release|Any CPU
	EndGlobalSection
	GlobalSection(ProjectConfigurationPlatforms) = postSolution
		{7304B159-5264-4BC0-8404-F36F0A7BA85B}.Debug|Any CPU.ActiveCfg = Debug|Any CPU
		{7304B159-5264-4BC0-8404-F36F0A7BA85B}.Debug|Any CPU.Build.0 = Debug|Any CPU
		{7304B159-5264-4BC0-8404-F36F0A7BA85B}.Release|Any CPU.ActiveCfg = Release|Any CPU
		{7304B159-5264-4BC0-8404-F36F0A7BA85B}.Release|Any CPU.Build.0 = Release|Any CPU
	EndGlobalSection
	GlobalSection(SolutionProperties) = preSolution
		HideSolutionNode = FALSE
	EndGlobalSection
	GlobalSection(ExtensibilityGlobals) = postSolution
		SolutionGuid = {3225FDC8-826C-41FE-ADD7-2EC0ABD693E3}
	EndGlobalSection
EndGlobal
